
Microsoft Visual Studio Solution File, Format Version 12.00
# Visual Studio Version 16
VisualStudioVersion = 16.0.30309.148
MinimumVisualStudioVersion = 10.0.40219.1
Project("{FAE04EC0-301F-11D3-BF4B-00C04F79EFBC}") = "CSharp_POO", "CSharp_POO.csproj", "{1361B742-CF1B-4395-AF0F-69696DCD63F3}"
EndProject
Global
	GlobalSection(SolutionConfigurationPlatforms) = preSolution
		Debug|x86 = Debug|x86
		Release|x86 = Release|x86
	EndGlobalSection
	GlobalSection(ProjectConfigurationPlatforms) = postSolution
		{1361B742-CF1B-4395-AF0F-69696DCD63F3}.Debug|x86.ActiveCfg = Debug|x86
		{1361B742-CF1B-4395-AF0F-69696DCD63F3}.Debug|x86.Build.0 = Debug|x86
		{1361B742-CF1B-4395-AF0F-69696DCD63F3}.Release|x86.ActiveCfg = Release|x86
		{1361B742-CF1B-4395-AF0F-69696DCD63F3}.Release|x86.Build.0 = Release|x86
	EndGlobalSection
	GlobalSection(SolutionProperties) = preSolution
		HideSolutionNode = FALSE
	EndGlobalSection
	GlobalSection(ExtensibilityGlobals) = postSolution
		SolutionGuid = {EB7CC86A-A547-4DD3-B193-D0A7C4824C02}
	EndGlobalSection
EndGlobal
